
Microsoft Visual Studio Solution File, Format Version 12.00
# Visual Studio Version 17
VisualStudioVersion = 17.9.34616.47
MinimumVisualStudioVersion = 10.0.40219.1
Project("{FAE04EC0-301F-11D3-BF4B-00C04F79EFBC}") = "Gamemode", "Gamemode\Gamemode.csproj", "{146425C1-117B-4D75-9933-F571B6C5ACAD}"
EndProject
Global
	GlobalSection(SolutionConfigurationPlatforms) = preSolution
		Debug|Any CPU = Debug|Any CPU
		Release|Any CPU = Release|Any CPU
	EndGlobalSection
	GlobalSection(ProjectConfigurationPlatforms) = postSolution
		{146425C1-117B-4D75-9933-F571B6C5ACAD}.Debug|Any CPU.ActiveCfg = Debug|Any CPU
		{146425C1-117B-4D75-9933-F571B6C5ACAD}.Debug|Any CPU.Build.0 = Debug|Any CPU
		{146425C1-117B-4D75-9933-F571B6C5ACAD}.Release|Any CPU.ActiveCfg = Release|Any CPU
		{146425C1-117B-4D75-9933-F571B6C5ACAD}.Release|Any CPU.Build.0 = Release|Any CPU
	EndGlobalSection
	GlobalSection(SolutionProperties) = preSolution
		HideSolutionNode = FALSE
	EndGlobalSection
	GlobalSection(ExtensibilityGlobals) = postSolution
		SolutionGuid = {340D6175-6465-4EB2-9B98-22DF924CAB23}
	EndGlobalSection
EndGlobal
